lockfileVersion: '9.0'

settings:
  autoInstallPeers: true
  excludeLinksFromLockfile: false

importers:

  .:
    dependencies:
      '@johnstonmatt/with-openapi':
        specifier: link:../..
        version: link:../..
      openapi3-ts:
        specifier: ^4.6.1
        version: 4.6.1
    devDependencies:
      typescript:
        specifier: 5.4.2
        version: 5.4.2

packages:

  openapi3-ts@4.6.1:
    resolution: {integrity: sha512-XW9MOldkhoICNeXVzzmXzmOW5G73ppOEGmh7fLCqHjgfdEYCGGN+00MlVCeUZgovjjfC56j9tvtDt1zGabNjjA==}

  typescript@5.4.2:
    resolution: {integrity: sha512-+2/g0Fds1ERlP6JsakQQDXjZdZMM+rqpamFZJEKh4kwTIn3iDkgKtby0CeNd5ATNZ4Ry1ax15TMx0W2V+miizQ==}
    engines: {node: '>=14.17'}
    hasBin: true

  yaml@2.9.0:
    resolution: {integrity: sha512-2AvhNX3mb8zd6Zy7INTtSpl1F15HW6Wnqj0srWlkKLcpYl/gMIMJiyuGq2KeI2YFxUPjdlB+3Lc10seMLtL4cA==}
    engines: {node: '>= 14.6'}
    hasBin: true

snapshots:

  openapi3-ts@4.6.1:
    dependencies:
      yaml: 2.9.0

  typescript@5.4.2: {}

  yaml@2.9.0: {}
